// !$*UTF8*$!
{
	archiveVersion = 1;
	classes = {
	};
	objectVersion = 50;
	objects = {

/* Begin PBXBuildFile section */
		EE1FD84524F78BB000CE8CF1 /* GameLogicFactory.swift in Sources */ = {isa = PBXBuildFile; fileRef = EE1FD84424F78BB000CE8CF1 /* GameLogicFactory.swift */; };
		EE4E1B9224EFFB570089F54A /* TranslationRepository.swift in Sources */ = {isa = PBXBuildFile; fileRef = EE4E1B9124EFFB570089F54A /* TranslationRepository.swift */; };
		EE4E1B9424EFFC3E0089F54A /* words.json in Resources */ = {isa = PBXBuildFile; fileRef = EE4E1B9324EFFC3E0089F54A /* words.json */; };
		EE6B5C4F24EFC74C0052D7D9 /* HomeViewRouter.swift in Sources */ = {isa = PBXBuildFile; fileRef = EE6B5C4E24EFC74C0052D7D9 /* HomeViewRouter.swift */; };
		EE6B5C5224EFC8730052D7D9 /* GameView.swift in Sources */ = {isa = PBXBuildFile; fileRef = EE6B5C5124EFC8730052D7D9 /* GameView.swift */; };
		EE6D446824F7A6200097FF53 /* QueryStatus.swift in Sources */ = {isa = PBXBuildFile; fileRef = EE6D446724F7A6200097FF53 /* QueryStatus.swift */; };
		EE6D446A24F7B35F0097FF53 /* DataFactory.swift in Sources */ = {isa = PBXBuildFile; fileRef = EE6D446924F7B35F0097FF53 /* DataFactory.swift */; };
		EE6D446C24F7B3810097FF53 /* Translation.swift in Sources */ = {isa = PBXBuildFile; fileRef = EE6D446B24F7B3810097FF53 /* Translation.swift */; };
		EE8DA74F24EFCAC200B3D9E3 /* GameViewRouter.swift in Sources */ = {isa = PBXBuildFile; fileRef = EE8DA74E24EFCAC200B3D9E3 /* GameViewRouter.swift */; };
		EE8DA75124EFCC8F00B3D9E3 /* GamePlayPresenter.swift in Sources */ = {isa = PBXBuildFile; fileRef = EE8DA75024EFCC8F00B3D9E3 /* GamePlayPresenter.swift */; };
		EE8DA75324EFE89300B3D9E3 /* AnimatableModifierDouble.swift in Sources */ = {isa = PBXBuildFile; fileRef = EE8DA75224EFE89300B3D9E3 /* AnimatableModifierDouble.swift */; };
		EE9D00DA24F777C60016E872 /* GamePlayLogic.swift in Sources */ = {isa = PBXBuildFile; fileRef = EE9D00D924F777C60016E872 /* GamePlayLogic.swift */; };
		EE9D00DF24F784820016E872 /* GameObject.swift in Sources */ = {isa = PBXBuildFile; fileRef = EE9D00DE24F784820016E872 /* GameObject.swift */; };
		EE9D00E124F7849D0016E872 /* PlayerStatus.swift in Sources */ = {isa = PBXBuildFile; fileRef = EE9D00E024F7849D0016E872 /* PlayerStatus.swift */; };
		EEABC81924EFC52D0036BFC0 /* AppDelegate.swift in Sources */ = {isa = PBXBuildFile; fileRef = EEABC81824EFC52D0036BFC0 /* AppDelegate.swift */; };
		EEABC81B24EFC52D0036BFC0 /* SceneDelegate.swift in Sources */ = {isa = PBXBuildFile; fileRef = EEABC81A24EFC52D0036BFC0 /* SceneDelegate.swift */; };
		EEABC81D24EFC52D0036BFC0 /* HomeView.swift in Sources */ = {isa = PBXBuildFile; fileRef = EEABC81C24EFC52D0036BFC0 /* HomeView.swift */; };
		EEABC81F24EFC5330036BFC0 /* Assets.xcassets in Resources */ = {isa = PBXBuildFile; fileRef = EEABC81E24EFC5330036BFC0 /* Assets.xcassets */; };
		EEABC82224EFC5330036BFC0 /* Preview Assets.xcassets in Resources */ = {isa = PBXBuildFile; fileRef = EEABC82124EFC5330036BFC0 /* Preview Assets.xcassets */; };
		EEABC82524EFC5330036BFC0 /* LaunchScreen.storyboard in Resources */ = {isa = PBXBuildFile; fileRef = EEABC82324EFC5330036BFC0 /* LaunchScreen.storyboard */; };
		EEABC83024EFC5340036BFC0 /* GamePlayPresenterTests.swift in Sources */ = {isa = PBXBuildFile; fileRef = EEABC82F24EFC5340036BFC0 /* GamePlayPresenterTests.swift */; };
		EEABC83B24EFC5340036BFC0 /* BabbelChallengeUITests.swift in Sources */ = {isa = PBXBuildFile; fileRef = EEABC83A24EFC5340036BFC0 /* BabbelChallengeUITests.swift */; };
/* End PBXBuildFile section */

/* Begin PBXContainerItemProxy section */
		EEABC82C24EFC5340036BFC0 /* PBXContainerItemProxy */ = {
			isa = PBXContainerItemProxy;
			containerPortal = EEABC80D24EFC52C0036BFC0 /* Project object */;
			proxyType = 1;
			remoteGlobalIDString = EEABC81424EFC52C0036BFC0;
			remoteInfo = BabbelChallenge;
		};
		EEABC83724EFC5340036BFC0 /* PBXContainerItemProxy */ = {
			isa = PBXContainerItemProxy;
			containerPortal = EEABC80D24EFC52C0036BFC0 /* Project object */;
			proxyType = 1;
			remoteGlobalIDString = EEABC81424EFC52C0036BFC0;
			remoteInfo = BabbelChallenge;
		};
/* End PBXContainerItemProxy section */

/* Begin PBXFileReference section */
		EE1FD84424F78BB000CE8CF1 /* GameLogicFactory.swift */ = {isa = PBXFileReference; lastKnownFileType = sourcecode.swift; path = GameLogicFactory.swift; sourceTree = "<group>"; };
		EE4E1B9124EFFB570089F54A /* TranslationRepository.swift */ = {isa = PBXFileReference; lastKnownFileType = sourcecode.swift; path = TranslationRepository.swift; sourceTree = "<group>"; };
		EE4E1B9324EFFC3E0089F54A /* words.json */ = {isa = PBXFileReference; fileEncoding = 4; lastKnownFileType = text.json; path = words.json; sourceTree = "<group>"; };
		EE6B5C4E24EFC74C0052D7D9 /* HomeViewRouter.swift */ = {isa = PBXFileReference; lastKnownFileType = sourcecode.swift; path = HomeViewRouter.swift; sourceTree = "<group>"; };
		EE6B5C5124EFC8730052D7D9 /* GameView.swift */ = {isa = PBXFileReference; lastKnownFileType = sourcecode.swift; path = GameView.swift; sourceTree = "<group>"; };
		EE6D446724F7A6200097FF53 /* QueryStatus.swift */ = {isa = PBXFileReference; lastKnownFileType = sourcecode.swift; path = QueryStatus.swift; sourceTree = "<group>"; };
		EE6D446924F7B35F0097FF53 /* DataFactory.swift */ = {isa = PBXFileReference; lastKnownFileType = sourcecode.swift; path = DataFactory.swift; sourceTree = "<group>"; };
		EE6D446B24F7B3810097FF53 /* Translation.swift */ = {isa = PBXFileReference; lastKnownFileType = sourcecode.swift; path = Translation.swift; sourceTree = "<group>"; };
		EE8DA74E24EFCAC200B3D9E3 /* GameViewRouter.swift */ = {isa = PBXFileReference; lastKnownFileType = sourcecode.swift; path = GameViewRouter.swift; sourceTree = "<group>"; };
		EE8DA75024EFCC8F00B3D9E3 /* GamePlayPresenter.swift */ = {isa = PBXFileReference; lastKnownFileType = sourcecode.swift; path = GamePlayPresenter.swift; sourceTree = "<group>"; };
		EE8DA75224EFE89300B3D9E3 /* AnimatableModifierDouble.swift */ = {isa = PBXFileReference; lastKnownFileType = sourcecode.swift; path = AnimatableModifierDouble.swift; sourceTree = "<group>"; };
		EE9D00D924F777C60016E872 /* GamePlayLogic.swift */ = {isa = PBXFileReference; lastKnownFileType = sourcecode.swift; path = GamePlayLogic.swift; sourceTree = "<group>"; };
		EE9D00DE24F784820016E872 /* GameObject.swift */ = {isa = PBXFileReference; lastKnownFileType = sourcecode.swift; path = GameObject.swift; sourceTree = "<group>"; };
		EE9D00E024F7849D0016E872 /* PlayerStatus.swift */ = {isa = PBXFileReference; lastKnownFileType = sourcecode.swift; path = PlayerStatus.swift; sourceTree = "<group>"; };
		EEABC81524EFC52C0036BFC0 /* BabbelChallenge.app */ = {isa = PBXFileReference; explicitFileType = wrapper.application; includeInIndex = 0; path = BabbelChallenge.app; sourceTree = BUILT_PRODUCTS_DIR; };
		EEABC81824EFC52D0036BFC0 /* AppDelegate.swift */ = {isa = PBXFileReference; lastKnownFileType = sourcecode.swift; path = AppDelegate.swift; sourceTree = "<group>"; };
		EEABC81A24EFC52D0036BFC0 /* SceneDelegate.swift */ = {isa = PBXFileReference; lastKnownFileType = sourcecode.swift; path = SceneDelegate.swift; sourceTree = "<group>"; };
		EEABC81C24EFC52D0036BFC0 /* HomeView.swift */ = {isa = PBXFileReference; lastKnownFileType = sourcecode.swift; path = HomeView.swift; sourceTree = "<group>"; };
		EEABC81E24EFC5330036BFC0 /* Assets.xcassets */ = {isa = PBXFileReference; lastKnownFileType = folder.assetcatalog; path = Assets.xcassets; sourceTree = "<group>"; };
		EEABC82124EFC5330036BFC0 /* Preview Assets.xcassets */ = {isa = PBXFileReference; lastKnownFileType = folder.assetcatalog; path = "Preview Assets.xcassets"; sourceTree = "<group>"; };
		EEABC82424EFC5330036BFC0 /* Base */ = {isa = PBXFileReference; lastKnownFileType = file.storyboard; name = Base; path = Base.lproj/LaunchScreen.storyboard; sourceTree = "<group>"; };
		EEABC82624EFC5330036BFC0 /* Info.plist */ = {isa = PBXFileReference; lastKnownFileType = text.plist.xml; path = Info.plist; sourceTree = "<group>"; };
		EEABC82B24EFC5340036BFC0 /* BabbelChallengeTests.xctest */ = {isa = PBXFileReference; explicitFileType = wrapper.cfbundle; includeInIndex = 0; path = BabbelChallengeTests.xctest; sourceTree = BUILT_PRODUCTS_DIR; };
		EEABC82F24EFC5340036BFC0 /* GamePlayPresenterTests.swift */ = {isa = PBXFileReference; lastKnownFileType = sourcecode.swift; path = GamePlayPresenterTests.swift; sourceTree = "<group>"; };
		EEABC83124EFC5340036BFC0 /* Info.plist */ = {isa = PBXFileReference; lastKnownFileType = text.plist.xml; path = Info.plist; sourceTree = "<group>"; };
		EEABC83624EFC5340036BFC0 /* BabbelChallengeUITests.xctest */ = {isa = PBXFileReference; explicitFileType = wrapper.cfbundle; includeInIndex = 0; path = BabbelChallengeUITests.xctest; sourceTree = BUILT_PRODUCTS_DIR; };
		EEABC83A24EFC5340036BFC0 /* BabbelChallengeUITests.swift */ = {isa = PBXFileReference; lastKnownFileType = sourcecode.swift; path = BabbelChallengeUITests.swift; sourceTree = "<group>"; };
		EEABC83C24EFC5340036BFC0 /* Info.plist */ = {isa = PBXFileReference; lastKnownFileType = text.plist.xml; path = Info.plist; sourceTree = "<group>"; };
/* End PBXFileReference section */

/* Begin PBXFrameworksBuildPhase section */
		EEABC81224EFC52C0036BFC0 /* Frameworks */ = {
			isa = PBXFrameworksBuildPhase;
			buildActionMask = 2147483647;
			files = (
			);
			runOnlyForDeploymentPostprocessing = 0;
		};
		EEABC82824EFC5340036BFC0 /* Frameworks */ = {
			isa = PBXFrameworksBuildPhase;
			buildActionMask = 2147483647;
			files = (
			);
			runOnlyForDeploymentPostprocessing = 0;
		};
		EEABC83324EFC5340036BFC0 /* Frameworks */ = {
			isa = PBXFrameworksBuildPhase;
			buildActionMask = 2147483647;
			files = (
			);
			runOnlyForDeploymentPostprocessing = 0;
		};
/* End PBXFrameworksBuildPhase section */

/* Begin PBXGroup section */
		EE6B5C5024EFC81B0052D7D9 /* GamePlay */ = {
			isa = PBXGroup;
			children = (
				EE9D00DD24F7846F0016E872 /* Entity */,
				EE9D00DC24F784230016E872 /* View */,
				EE8DA74E24EFCAC200B3D9E3 /* GameViewRouter.swift */,
				EE8DA75024EFCC8F00B3D9E3 /* GamePlayPresenter.swift */,
				EE9D00DB24F7840F0016E872 /* Interactor */,
				EE6D446724F7A6200097FF53 /* QueryStatus.swift */,
			);
			path = GamePlay;
			sourceTree = "<group>";
		};
		EE9D00DB24F7840F0016E872 /* Interactor */ = {
			isa = PBXGroup;
			children = (
				EE4E1B9124EFFB570089F54A /* TranslationRepository.swift */,
				EE9D00D924F777C60016E872 /* GamePlayLogic.swift */,
				EE1FD84424F78BB000CE8CF1 /* GameLogicFactory.swift */,
				EE6D446924F7B35F0097FF53 /* DataFactory.swift */,
				EE6D446B24F7B3810097FF53 /* Translation.swift */,
			);
			path = Interactor;
			sourceTree = "<group>";
		};
		EE9D00DC24F784230016E872 /* View */ = {
			isa = PBXGroup;
			children = (
				EE8DA75224EFE89300B3D9E3 /* AnimatableModifierDouble.swift */,
				EE6B5C5124EFC8730052D7D9 /* GameView.swift */,
			);
			path = View;
			sourceTree = "<group>";
		};
		EE9D00DD24F7846F0016E872 /* Entity */ = {
			isa = PBXGroup;
			children = (
				EE9D00DE24F784820016E872 /* GameObject.swift */,
				EE9D00E024F7849D0016E872 /* PlayerStatus.swift */,
			);
			path = Entity;
			sourceTree = "<group>";
		};
		EEABC80C24EFC52C0036BFC0 = {
			isa = PBXGroup;
			children = (
				EEABC81724EFC52D0036BFC0 /* BabbelChallenge */,
				EEABC82E24EFC5340036BFC0 /* BabbelChallengeTests */,
				EEABC83924EFC5340036BFC0 /* BabbelChallengeUITests */,
				EEABC81624EFC52C0036BFC0 /* Products */,
			);
			sourceTree = "<group>";
		};
		EEABC81624EFC52C0036BFC0 /* Products */ = {
			isa = PBXGroup;
			children = (
				EEABC81524EFC52C0036BFC0 /* BabbelChallenge.app */,
				EEABC82B24EFC5340036BFC0 /* BabbelChallengeTests.xctest */,
				EEABC83624EFC5340036BFC0 /* BabbelChallengeUITests.xctest */,
			);
			name = Products;
			sourceTree = "<group>";
		};
		EEABC81724EFC52D0036BFC0 /* BabbelChallenge */ = {
			isa = PBXGroup;
			children = (
				EE6B5C5024EFC81B0052D7D9 /* GamePlay */,
				EEABC84A24EFC5E00036BFC0 /* Home */,
				EEABC84824EFC56D0036BFC0 /* AppLifeCycle */,
				EEABC84924EFC5990036BFC0 /* Resources */,
				EEABC82624EFC5330036BFC0 /* Info.plist */,
				EEABC82024EFC5330036BFC0 /* Preview Content */,
			);
			path = BabbelChallenge;
			sourceTree = "<group>";
		};
		EEABC82024EFC5330036BFC0 /* Preview Content */ = {
			isa = PBXGroup;
			children = (
				EEABC82124EFC5330036BFC0 /* Preview Assets.xcassets */,
			);
			path = "Preview Content";
			sourceTree = "<group>";
		};
		EEABC82E24EFC5340036BFC0 /* BabbelChallengeTests */ = {
			isa = PBXGroup;
			children = (
				EEABC82F24EFC5340036BFC0 /* GamePlayPresenterTests.swift */,
				EEABC83124EFC5340036BFC0 /* Info.plist */,
			);
			path = BabbelChallengeTests;
			sourceTree = "<group>";
		};
		EEABC83924EFC5340036BFC0 /* BabbelChallengeUITests */ = {
			isa = PBXGroup;
			children = (
				EEABC83A24EFC5340036BFC0 /* BabbelChallengeUITests.swift */,
				EEABC83C24EFC5340036BFC0 /* Info.plist */,
			);
			path = BabbelChallengeUITests;
			sourceTree = "<group>";
		};
		EEABC84824EFC56D0036BFC0 /* AppLifeCycle */ = {
			isa = PBXGroup;
			children = (
				EEABC82324EFC5330036BFC0 /* LaunchScreen.storyboard */,
				EEABC81824EFC52D0036BFC0 /* AppDelegate.swift */,
				EEABC81A24EFC52D0036BFC0 /* SceneDelegate.swift */,
			);
			path = AppLifeCycle;
			sourceTree = "<group>";
		};
		EEABC84924EFC5990036BFC0 /* Resources */ = {
			isa = PBXGroup;
			children = (
				EE4E1B9324EFFC3E0089F54A /* words.json */,
				EEABC81E24EFC5330036BFC0 /* Assets.xcassets */,
			);
			path = Resources;
			sourceTree = "<group>";
		};
		EEABC84A24EFC5E00036BFC0 /* Home */ = {
			isa = PBXGroup;
			children = (
				EEABC81C24EFC52D0036BFC0 /* HomeView.swift */,
				EE6B5C4E24EFC74C0052D7D9 /* HomeViewRouter.swift */,
			);
			path = Home;
			sourceTree = "<group>";
		};
/* End PBXGroup section */

/* Begin PBXNativeTarget section */
		EEABC81424EFC52C0036BFC0 /* BabbelChallenge */ = {
			isa = PBXNativeTarget;
			buildConfigurationList = EEABC83F24EFC5340036BFC0 /* Build configuration list for PBXNativeTarget "BabbelChallenge" */;
			buildPhases = (
				EEABC81124EFC52C0036BFC0 /* Sources */,
				EEABC81224EFC52C0036BFC0 /* Frameworks */,
				EEABC81324EFC52C0036BFC0 /* Resources */,
			);
			buildRules = (
			);
			dependencies = (
			);
			name = BabbelChallenge;
			productName = BabbelChallenge;
			productReference = EEABC81524EFC52C0036BFC0 /* BabbelChallenge.app */;
			productType = "com.apple.product-type.application";
		};
		EEABC82A24EFC5340036BFC0 /* BabbelChallengeTests */ = {
			isa = PBXNativeTarget;
			buildConfigurationList = EEABC84224EFC5340036BFC0 /* Build configuration list for PBXNativeTarget "BabbelChallengeTests" */;
			buildPhases = (
				EEABC82724EFC5340036BFC0 /* Sources */,
				EEABC82824EFC5340036BFC0 /* Frameworks */,
				EEABC82924EFC5340036BFC0 /* Resources */,
			);
			buildRules = (
			);
			dependencies = (
				EEABC82D24EFC5340036BFC0 /* PBXTargetDependency */,
			);
			name = BabbelChallengeTests;
			productName = BabbelChallengeTests;
			productReference = EEABC82B24EFC5340036BFC0 /* BabbelChallengeTests.xctest */;
			productType = "com.apple.product-type.bundle.unit-test";
		};
		EEABC83524EFC5340036BFC0 /* BabbelChallengeUITests */ = {
			isa = PBXNativeTarget;
			buildConfigurationList = EEABC84524EFC5340036BFC0 /* Build configuration list for PBXNativeTarget "BabbelChallengeUITests" */;
			buildPhases = (
				EEABC83224EFC5340036BFC0 /* Sources */,
				EEABC83324EFC5340036BFC0 /* Frameworks */,
				EEABC83424EFC5340036BFC0 /* Resources */,
			);
			buildRules = (
			);
			dependencies = (
				EEABC83824EFC5340036BFC0 /* PBXTargetDependency */,
			);
			name = BabbelChallengeUITests;
			productName = BabbelChallengeUITests;
			productReference = EEABC83624EFC5340036BFC0 /* BabbelChallengeUITests.xctest */;
			productType = "com.apple.product-type.bundle.ui-testing";
		};
/* End PBXNativeTarget section */

/* Begin PBXProject section */
		EEABC80D24EFC52C0036BFC0 /* Project object */ = {
			isa = PBXProject;
			attributes = {
				LastSwiftUpdateCheck = 1160;
				LastUpgradeCheck = 1160;
				TargetAttributes = {
					EEABC81424EFC52C0036BFC0 = {
						CreatedOnToolsVersion = 11.6;
					};
					EEABC82A24EFC5340036BFC0 = {
						CreatedOnToolsVersion = 11.6;
						TestTargetID = EEABC81424EFC52C0036BFC0;
					};
					EEABC83524EFC5340036BFC0 = {
						CreatedOnToolsVersion = 11.6;
						TestTargetID = EEABC81424EFC52C0036BFC0;
					};
				};
			};
			buildConfigurationList = EEABC81024EFC52C0036BFC0 /* Build configuration list for PBXProject "BabbelChallenge" */;
			compatibilityVersion = "Xcode 9.3";
			developmentRegion = en;
			hasScannedForEncodings = 0;
			knownRegions = (
				en,
				Base,
			);
			mainGroup = EEABC80C24EFC52C0036BFC0;
			productRefGroup = EEABC81624EFC52C0036BFC0 /* Products */;
			projectDirPath = "";
			projectRoot = "";
			targets = (
				EEABC81424EFC52C0036BFC0 /* BabbelChallenge */,
				EEABC82A24EFC5340036BFC0 /* BabbelChallengeTests */,
				EEABC83524EFC5340036BFC0 /* BabbelChallengeUITests */,
			);
		};
/* End PBXProject section */

/* Begin PBXResourcesBuildPhase section */
		EEABC81324EFC52C0036BFC0 /* Resources */ = {
			isa = PBXResourcesBuildPhase;
			buildActionMask = 2147483647;
			files = (
				EEABC82524EFC5330036BFC0 /* LaunchScreen.storyboard in Resources */,
				EE4E1B9424EFFC3E0089F54A /* words.json in Resources */,
				EEABC82224EFC5330036BFC0 /* Preview Assets.xcassets in Resources */,
				EEABC81F24EFC5330036BFC0 /* Assets.xcassets in Resources */,
			);
			runOnlyForDeploymentPostprocessing = 0;
		};
		EEABC82924EFC5340036BFC0 /* Resources */ = {
			isa = PBXResourcesBuildPhase;
			buildActionMask = 2147483647;
			files = (
			);
			runOnlyForDeploymentPostprocessing = 0;
		};
		EEABC83424EFC5340036BFC0 /* Resources */ = {
			isa = PBXResourcesBuildPhase;
			buildActionMask = 2147483647;
			files = (
			);
			runOnlyForDeploymentPostprocessing = 0;
		};
/* End PBXResourcesBuildPhase section */

/* Begin PBXSourcesBuildPhase section */
		EEABC81124EFC52C0036BFC0 /* Sources */ = {
			isa = PBXSourcesBuildPhase;
			buildActionMask = 2147483647;
			files = (
				EE9D00DF24F784820016E872 /* GameObject.swift in Sources */,
				EE6B5C4F24EFC74C0052D7D9 /* HomeViewRouter.swift in Sources */,
				EE6D446824F7A6200097FF53 /* QueryStatus.swift in Sources */,
				EE1FD84524F78BB000CE8CF1 /* GameLogicFactory.swift in Sources */,
				EE9D00E124F7849D0016E872 /* PlayerStatus.swift in Sources */,
				EE4E1B9224EFFB570089F54A /* TranslationRepository.swift in Sources */,
				EE9D00DA24F777C60016E872 /* GamePlayLogic.swift in Sources */,
				EE8DA75124EFCC8F00B3D9E3 /* GamePlayPresenter.swift in Sources */,
				EE8DA75324EFE89300B3D9E3 /* AnimatableModifierDouble.swift in Sources */,
				EE8DA74F24EFCAC200B3D9E3 /* GameViewRouter.swift in Sources */,
				EEABC81924EFC52D0036BFC0 /* AppDelegate.swift in Sources */,
				EE6D446C24F7B3810097FF53 /* Translation.swift in Sources */,
				EE6D446A24F7B35F0097FF53 /* DataFactory.swift in Sources */,
				EEABC81B24EFC52D0036BFC0 /* SceneDelegate.swift in Sources */,
				EEABC81D24EFC52D0036BFC0 /* HomeView.swift in Sources */,
				EE6B5C5224EFC8730052D7D9 /* GameView.swift in Sources */,
			);
			runOnlyForDeploymentPostprocessing = 0;
		};
		EEABC82724EFC5340036BFC0 /* Sources */ = {
			isa = PBXSourcesBuildPhase;
			buildActionMask = 2147483647;
			files = (
				EEABC83024EFC5340036BFC0 /* GamePlayPresenterTests.swift in Sources */,
			);
			runOnlyForDeploymentPostprocessing = 0;
		};
		EEABC83224EFC5340036BFC0 /* Sources */ = {
			isa = PBXSourcesBuildPhase;
			buildActionMask = 2147483647;
			files = (
				EEABC83B24EFC5340036BFC0 /* BabbelChallengeUITests.swift in Sources */,
			);
			runOnlyForDeploymentPostprocessing = 0;
		};
/* End PBXSourcesBuildPhase section */

/* Begin PBXTargetDependency section */
		EEABC82D24EFC5340036BFC0 /* PBXTargetDependency */ = {
			isa = PBXTargetDependency;
			target = EEABC81424EFC52C0036BFC0 /* BabbelChallenge */;
			targetProxy = EEABC82C24EFC5340036BFC0 /* PBXContainerItemProxy */;
		};
		EEABC83824EFC5340036BFC0 /* PBXTargetDependency */ = {
			isa = PBXTargetDependency;
			target = EEABC81424EFC52C0036BFC0 /* BabbelChallenge */;
			targetProxy = EEABC83724EFC5340036BFC0 /* PBXContainerItemProxy */;
		};
/* End PBXTargetDependency section */

/* Begin PBXVariantGroup section */
		EEABC82324EFC5330036BFC0 /* LaunchScreen.storyboard */ = {
			isa = PBXVariantGroup;
			children = (
				EEABC82424EFC5330036BFC0 /* Base */,
			);
			name = LaunchScreen.storyboard;
			sourceTree = "<group>";
		};
/* End PBXVariantGroup section */

/* Begin XCBuildConfiguration section */
		EEABC83D24EFC5340036BFC0 /* Debug */ = {
			isa = XCBuildConfiguration;
			buildSettings = {
				ALWAYS_SEARCH_USER_PATHS = NO;
				CLANG_ANALYZER_NONNULL = YES;
				CLANG_ANALYZER_NUMBER_OBJECT_CONVERSION = YES_AGGRESSIVE;
				CLANG_CXX_LANGUAGE_STANDARD = "gnu++14";
				CLANG_CXX_LIBRARY = "libc++";
				CLANG_ENABLE_MODULES = YES;
				CLANG_ENABLE_OBJC_ARC = YES;
				CLANG_ENABLE_OBJC_WEAK = YES;
				CLANG_WARN_BLOCK_CAPTURE_AUTORELEASING = YES;
				CLANG_WARN_BOOL_CONVERSION = YES;
				CLANG_WARN_COMMA = YES;
				CLANG_WARN_CONSTANT_CONVERSION = YES;
				CLANG_WARN_DEPRECATED_OBJC_IMPLEMENTATIONS = YES;
				CLANG_WARN_DIRECT_OBJC_ISA_USAGE = YES_ERROR;
				CLANG_WARN_DOCUMENTATION_COMMENTS = YES;
				CLANG_WARN_EMPTY_BODY = YES;
				CLANG_WARN_ENUM_CONVERSION = YES;
				CLANG_WARN_INFINITE_RECURSION = YES;
				CLANG_WARN_INT_CONVERSION = YES;
				CLANG_WARN_NON_LITERAL_NULL_CONVERSION = YES;
				CLANG_WARN_OBJC_IMPLICIT_RETAIN_SELF = YES;
				CLANG_WARN_OBJC_LITERAL_CONVERSION = YES;
				CLANG_WARN_OBJC_ROOT_CLASS = YES_ERROR;
				CLANG_WARN_RANGE_LOOP_ANALYSIS = YES;
				CLANG_WARN_STRICT_PROTOTYPES = YES;
				CLANG_WARN_SUSPICIOUS_MOVE = YES;
				CLANG_WARN_UNGUARDED_AVAILABILITY = YES_AGGRESSIVE;
				CLANG_WARN_UNREACHABLE_CODE = YES;
				CLANG_WARN__DUPLICATE_METHOD_MATCH = YES;
				COPY_PHASE_STRIP = NO;
				DEBUG_INFORMATION_FORMAT = dwarf;
				ENABLE_STRICT_OBJC_MSGSEND = YES;
				ENABLE_TESTABILITY = YES;
				GCC_C_LANGUAGE_STANDARD = gnu11;
				GCC_DYNAMIC_NO_PIC = NO;
				GCC_NO_COMMON_BLOCKS = YES;
				GCC_OPTIMIZATION_LEVEL = 0;
				GCC_PREPROCESSOR_DEFINITIONS = (
					"DEBUG=1",
					"$(inherited)",
				);
				GCC_WARN_64_TO_32_BIT_CONVERSION = YES;
				GCC_WARN_ABOUT_RETURN_TYPE = YES_ERROR;
				GCC_WARN_UNDECLARED_SELECTOR = YES;
				GCC_WARN_UNINITIALIZED_AUTOS = YES_AGGRESSIVE;
				GCC_WARN_UNUSED_FUNCTION = YES;
				GCC_WARN_UNUSED_VARIABLE = YES;
				IPHONEOS_DEPLOYMENT_TARGET = 13.6;
				MTL_ENABLE_DEBUG_INFO = INCLUDE_SOURCE;
				MTL_FAST_MATH = YES;
				ONLY_ACTIVE_ARCH = YES;
				SDKROOT = iphoneos;
				SWIFT_ACTIVE_COMPILATION_CONDITIONS = DEBUG;
				SWIFT_OPTIMIZATION_LEVEL = "-Onone";
			};
			name = Debug;
		};
		EEABC83E24EFC5340036BFC0 /* Release */ = {
			isa = XCBuildConfiguration;
			buildSettings = {
				ALWAYS_SEARCH_USER_PATHS = NO;
				CLANG_ANALYZER_NONNULL = YES;
				CLANG_ANALYZER_NUMBER_OBJECT_CONVERSION = YES_AGGRESSIVE;
				CLANG_CXX_LANGUAGE_STANDARD = "gnu++14";
				CLANG_CXX_LIBRARY = "libc++";
				CLANG_ENABLE_MODULES = YES;
				CLANG_ENABLE_OBJC_ARC = YES;
				CLANG_ENABLE_OBJC_WEAK = YES;
				CLANG_WARN_BLOCK_CAPTURE_AUTORELEASING = YES;
				CLANG_WARN_BOOL_CONVERSION = YES;
				CLANG_WARN_COMMA = YES;
				CLANG_WARN_CONSTANT_CONVERSION = YES;
				CLANG_WARN_DEPRECATED_OBJC_IMPLEMENTATIONS = YES;
				CLANG_WARN_DIRECT_OBJC_ISA_USAGE = YES_ERROR;
				CLANG_WARN_DOCUMENTATION_COMMENTS = YES;
				CLANG_WARN_EMPTY_BODY = YES;
				CLANG_WARN_ENUM_CONVERSION = YES;
				CLANG_WARN_INFINITE_RECURSION = YES;
				CLANG_WARN_INT_CONVERSION = YES;
				CLANG_WARN_NON_LITERAL_NULL_CONVERSION = YES;
				CLANG_WARN_OBJC_IMPLICIT_RETAIN_SELF = YES;
				CLANG_WARN_OBJC_LITERAL_CONVERSION = YES;
				CLANG_WARN_OBJC_ROOT_CLASS = YES_ERROR;
				CLANG_WARN_RANGE_LOOP_ANALYSIS = YES;
				CLANG_WARN_STRICT_PROTOTYPES = YES;
				CLANG_WARN_SUSPICIOUS_MOVE = YES;
				CLANG_WARN_UNGUARDED_AVAILABILITY = YES_AGGRESSIVE;
				CLANG_WARN_UNREACHABLE_CODE = YES;
				CLANG_WARN__DUPLICATE_METHOD_MATCH = YES;
				COPY_PHASE_STRIP = NO;
				DEBUG_INFORMATION_FORMAT = "dwarf-with-dsym";
				ENABLE_NS_ASSERTIONS = NO;
				ENABLE_STRICT_OBJC_MSGSEND = YES;
				GCC_C_LANGUAGE_STANDARD = gnu11;
				GCC_NO_COMMON_BLOCKS = YES;
				GCC_WARN_64_TO_32_BIT_CONVERSION = YES;
				GCC_WARN_ABOUT_RETURN_TYPE = YES_ERROR;
				GCC_WARN_UNDECLARED_SELECTOR = YES;
				GCC_WARN_UNINITIALIZED_AUTOS = YES_AGGRESSIVE;
				GCC_WARN_UNUSED_FUNCTION = YES;
				GCC_WARN_UNUSED_VARIABLE = YES;
				IPHONEOS_DEPLOYMENT_TARGET = 13.6;
				MTL_ENABLE_DEBUG_INFO = NO;
				MTL_FAST_MATH = YES;
				SDKROOT = iphoneos;
				SWIFT_COMPILATION_MODE = wholemodule;
				SWIFT_OPTIMIZATION_LEVEL = "-O";
				VALIDATE_PRODUCT = YES;
			};
			name = Release;
		};
		EEABC84024EFC5340036BFC0 /* Debug */ = {
			isa = XCBuildConfiguration;
			buildSettings = {
				ASSETCATALOG_COMPILER_APPICON_NAME = AppIcon;
				CODE_SIGN_STYLE = Automatic;
				DEVELOPMENT_ASSET_PATHS = "\"BabbelChallenge/Preview Content\"";
				ENABLE_PREVIEWS = YES;
				INFOPLIST_FILE = BabbelChallenge/Info.plist;
				LD_RUNPATH_SEARCH_PATHS = (
					"$(inherited)",
					"@executable_path/Frameworks",
				);
				PRODUCT_BUNDLE_IDENTIFIER = com.babbel.BabbelChallenge;
				PRODUCT_NAME = "$(TARGET_NAME)";
				SWIFT_VERSION = 5.0;
				TARGETED_DEVICE_FAMILY = "1,2";
			};
			name = Debug;
		};
		EEABC84124EFC5340036BFC0 /* Release */ = {
			isa = XCBuildConfiguration;
			buildSettings = {
				ASSETCATALOG_COMPILER_APPICON_NAME = AppIcon;
				CODE_SIGN_STYLE = Automatic;
				DEVELOPMENT_ASSET_PATHS = "\"BabbelChallenge/Preview Content\"";
				ENABLE_PREVIEWS = YES;
				INFOPLIST_FILE = BabbelChallenge/Info.plist;
				LD_RUNPATH_SEARCH_PATHS = (
					"$(inherited)",
					"@executable_path/Frameworks",
				);
				PRODUCT_BUNDLE_IDENTIFIER = com.babbel.BabbelChallenge;
				PRODUCT_NAME = "$(TARGET_NAME)";
				SWIFT_VERSION = 5.0;
				TARGETED_DEVICE_FAMILY = "1,2";
			};
			name = Release;
		};
		EEABC84324EFC5340036BFC0 /* Debug */ = {
			isa = XCBuildConfiguration;
			buildSettings = {
				ALWAYS_EMBED_SWIFT_STANDARD_LIBRARIES = YES;
				BUNDLE_LOADER = "$(TEST_HOST)";
				CODE_SIGN_STYLE = Automatic;
				INFOPLIST_FILE = BabbelChallengeTests/Info.plist;
				IPHONEOS_DEPLOYMENT_TARGET = 13.6;
				LD_RUNPATH_SEARCH_PATHS = (
					"$(inherited)",
					"@executable_path/Frameworks",
					"@loader_path/Frameworks",
				);
				PRODUCT_BUNDLE_IDENTIFIER = com.babbel.BabbelChallengeTests;
				PRODUCT_NAME = "$(TARGET_NAME)";
				SWIFT_VERSION = 5.0;
				TARGETED_DEVICE_FAMILY = "1,2";
				TEST_HOST = "$(BUILT_PRODUCTS_DIR)/BabbelChallenge.app/BabbelChallenge";
			};
			name = Debug;
		};
		EEABC84424EFC5340036BFC0 /* Release */ = {
			isa = XCBuildConfiguration;
			buildSettings = {
				ALWAYS_EMBED_SWIFT_STANDARD_LIBRARIES = YES;
				BUNDLE_LOADER = "$(TEST_HOST)";
				CODE_SIGN_STYLE = Automatic;
				INFOPLIST_FILE = BabbelChallengeTests/Info.plist;
				IPHONEOS_DEPLOYMENT_TARGET = 13.6;
				LD_RUNPATH_SEARCH_PATHS = (
					"$(inherited)",
					"@executable_path/Frameworks",
					"@loader_path/Frameworks",
				);
				PRODUCT_BUNDLE_IDENTIFIER = com.babbel.BabbelChallengeTests;
				PRODUCT_NAME = "$(TARGET_NAME)";
				SWIFT_VERSION = 5.0;
				TARGETED_DEVICE_FAMILY = "1,2";
				TEST_HOST = "$(BUILT_PRODUCTS_DIR)/BabbelChallenge.app/BabbelChallenge";
			};
			name = Release;
		};
		EEABC84624EFC5340036BFC0 /* Debug */ = {
			isa = XCBuildConfiguration;
			buildSettings = {
				ALWAYS_EMBED_SWIFT_STANDARD_LIBRARIES = YES;
				CODE_SIGN_STYLE = Automatic;
				INFOPLIST_FILE = BabbelChallengeUITests/Info.plist;
				LD_RUNPATH_SEARCH_PATHS = (
					"$(inherited)",
					"@executable_path/Frameworks",
					"@loader_path/Frameworks",
				);
				PRODUCT_BUNDLE_IDENTIFIER = com.babbel.BabbelChallengeUITests;
				PRODUCT_NAME = "$(TARGET_NAME)";
				SWIFT_VERSION = 5.0;
				TARGETED_DEVICE_FAMILY = "1,2";
				TEST_TARGET_NAME = BabbelChallenge;
			};
			name = Debug;
		};
		EEABC84724EFC5340036BFC0 /* Release */ = {
			isa = XCBuildConfiguration;
			buildSettings = {
				ALWAYS_EMBED_SWIFT_STANDARD_LIBRARIES = YES;
				CODE_SIGN_STYLE = Automatic;
				INFOPLIST_FILE = BabbelChallengeUITests/Info.plist;
				LD_RUNPATH_SEARCH_PATHS = (
					"$(inherited)",
					"@executable_path/Frameworks",
					"@loader_path/Frameworks",
				);
				PRODUCT_BUNDLE_IDENTIFIER = com.babbel.BabbelChallengeUITests;
				PRODUCT_NAME = "$(TARGET_NAME)";
				SWIFT_VERSION = 5.0;
				TARGETED_DEVICE_FAMILY = "1,2";
				TEST_TARGET_NAME = BabbelChallenge;
			};
			name = Release;
		};
/* End XCBuildConfiguration section */

/* Begin XCConfigurationList section */
		EEABC81024EFC52C0036BFC0 /* Build configuration list for PBXProject "BabbelChallenge" */ = {
			isa = XCConfigurationList;
			buildConfigurations = (
				EEABC83D24EFC5340036BFC0 /* Debug */,
				EEABC83E24EFC5340036BFC0 /* Release */,
			);
			defaultConfigurationIsVisible = 0;
			defaultConfigurationName = Release;
		};
		EEABC83F24EFC5340036BFC0 /* Build configuration list for PBXNativeTarget "BabbelChallenge" */ = {
			isa = XCConfigurationList;
			buildConfigurations = (
				EEABC84024EFC5340036BFC0 /* Debug */,
				EEABC84124EFC5340036BFC0 /* Release */,
			);
			defaultConfigurationIsVisible = 0;
			defaultConfigurationName = Release;
		};
		EEABC84224EFC5340036BFC0 /* Build configuration list for PBXNativeTarget "BabbelChallengeTests" */ = {
			isa = XCConfigurationList;
			buildConfigurations = (
				EEABC84324EFC5340036BFC0 /* Debug */,
				EEABC84424EFC5340036BFC0 /* Release */,
			);
			defaultConfigurationIsVisible = 0;
			defaultConfigurationName = Release;
		};
		EEABC84524EFC5340036BFC0 /* Build configuration list for PBXNativeTarget "BabbelChallengeUITests" */ = {
			isa = XCConfigurationList;
			buildConfigurations = (
				EEABC84624EFC5340036BFC0 /* Debug */,
				EEABC84724EFC5340036BFC0 /* Release */,
			);
			defaultConfigurationIsVisible = 0;
			defaultConfigurationName = Release;
		};
/* End XCConfigurationList section */
	};
	rootObject = EEABC80D24EFC52C0036BFC0 /* Project object */;
}
